
Microsoft Visual Studio Solution File, Format Version 12.00
# Visual Studio Version 17
VisualStudioVersion = 17.0.31903.59
MinimumVisualStudioVersion = 10.0.40219.1
Project("{9A19103F-16F7-4668-BE54-9A1E7A4F7556}") = "RINEXDataAnaliser", "RINEXDataAnaliser\RINEXDataAnaliser.csproj", "{3F54725C-BA26-475C-A776-FC7849440973}"
EndProject
Project("{9A19103F-16F7-4668-BE54-9A1E7A4F7556}") = "RINEXDataAnaliser.Tests", "RINEXDataAnaliser.Tests\RINEXDataAnaliser.Tests.csproj", "{947F0FAF-0F9F-4528-92D2-AA17110B1BAB}"
EndProject
Global
	GlobalSection(SolutionConfigurationPlatforms) = preSolution
		Debug|Any CPU = Debug|Any CPU
		Release|Any CPU = Release|Any CPU
	EndGlobalSection
	GlobalSection(ProjectConfigurationPlatforms) = postSolution
		{3F54725C-BA26-475C-A776-FC7849440973}.Debug|Any CPU.ActiveCfg = Debug|Any CPU
		{3F54725C-BA26-475C-A776-FC7849440973}.Debug|Any CPU.Build.0 = Debug|Any CPU
		{3F54725C-BA26-475C-A776-FC7849440973}.Release|Any CPU.ActiveCfg = Release|Any CPU
		{3F54725C-BA26-475C-A776-FC7849440973}.Release|Any CPU.Build.0 = Release|Any CPU
		{947F0FAF-0F9F-4528-92D2-AA17110B1BAB}.Debug|Any CPU.ActiveCfg = Debug|Any CPU
		{947F0FAF-0F9F-4528-92D2-AA17110B1BAB}.Debug|Any CPU.Build.0 = Debug|Any CPU
		{947F0FAF-0F9F-4528-92D2-AA17110B1BAB}.Release|Any CPU.ActiveCfg = Release|Any CPU
		{947F0FAF-0F9F-4528-92D2-AA17110B1BAB}.Release|Any CPU.Build.0 = Release|Any CPU
	EndGlobalSection
	GlobalSection(SolutionProperties) = preSolution
		HideSolutionNode = FALSE
	EndGlobalSection
	GlobalSection(ExtensibilityGlobals) = postSolution
		SolutionGuid = {7BB9E967-9212-45C8-A57C-759CB6DE9BA5}
	EndGlobalSection
EndGlobal
